// !$*UTF8*$!
{
	archiveVersion = 1;
	classes = {
	};
	objectVersion = 70;
	objects = {

/* Begin PBXBuildFile section */
		051EB001675B19B03060D189 /* SupabaseManager.swift in Sources */ = {isa = PBXBuildFile; fileRef = 060EE282A0B9F0B258F2777B /* SupabaseManager.swift */; };
		0D6FC1EB9FC12129088BC83A /* RippleCircle.swift in Sources */ = {isa = PBXBuildFile; fileRef = 8337EA76B51F130D5915F74C /* RippleCircle.swift */; };
		15536D401AB1F6E4A64B8885 /* KakaoSDK in Frameworks */ = {isa = PBXBuildFile; productRef = FEF84DBD8A3BA3FF58F9962E /* KakaoSDK */; };
		1B4EEBE6234C1947F7AD7A6A /* User.swift in Sources */ = {isa = PBXBuildFile; fileRef = 0B98D826F8B8E1EC3ECD0C75 /* User.swift */; };
		1EADF7358A06D684A48C5B17 /* PersistenceController.swift in Sources */ = {isa = PBXBuildFile; fileRef = E4C8509434C5329FF38023AE /* PersistenceController.swift */; };
		2600AF8D356250D1751B2D2C /* TuistAssets+HaruDam.swift in Sources */ = {isa = PBXBuildFile; fileRef = 2649E4693020BEF4E85772F6 /* TuistAssets+HaruDam.swift */; };
		2C566A55581FE12C43267D83 /* SplashView.swift in Sources */ = {isa = PBXBuildFile; fileRef = 7FF8E78649C6CB1BA22347BB /* SplashView.swift */; };
		2F7A4C6EB64479636AEA32AA /* TuistBundle+HaruDam.swift in Sources */ = {isa = PBXBuildFile; fileRef = 7618813891C1CFBA43EDEA45 /* TuistBundle+HaruDam.swift */; };
		36F1190817AB23961D06751D /* Assets.xcassets in Resources */ = {isa = PBXBuildFile; fileRef = 77543AA0817F65CB2BD4C63D /* Assets.xcassets */; };
		468C97C0DBC3FFD37EC1C8EB /* HomeView.swift in Sources */ = {isa = PBXBuildFile; fileRef = 7D6C8A7FD3AC9046A2CFD2D9 /* HomeView.swift */; };
		496DE70D988754C028EC2CCB /* GoogleSignIn in Frameworks */ = {isa = PBXBuildFile; productRef = 48F89E3F86C3C0C43417D9D7 /* GoogleSignIn */; };
		4CD91C4B89A277C782E22470 /* SignUpView.swift in Sources */ = {isa = PBXBuildFile; fileRef = 4E73DABA943C5E66C7F4D34B /* SignUpView.swift */; };
		5A783CAC8E3AA76485DC97D2 /* Roboto-Medium.ttf in Resources */ = {isa = PBXBuildFile; fileRef = 9F21F42E0199535EAA24D614 /* Roboto-Medium.ttf */; };
		8C9EAEEB2F18D331000BCFF1 /* EmotionRecordEntity+CoreDataProperties.swift in Sources */ = {isa = PBXBuildFile; fileRef = 8C9EAEEA2F18D331000BCFF1 /* EmotionRecordEntity+CoreDataProperties.swift */; };
		8C9EAEF52F18D344000BCFF1 /* EmotionRecordEntity+CoreDataClass.swift in Sources */ = {isa = PBXBuildFile; fileRef = 8C9EAEF42F18D344000BCFF1 /* EmotionRecordEntity+CoreDataClass.swift */; };
		8C9EAF232F18D976000BCFF1 /* HaruDamModel.xcdatamodel in Sources */ = {isa = PBXBuildFile; fileRef = 8C9EAF222F18D976000BCFF1 /* HaruDamModel.xcdatamodel */; };
		8CA921482ED9924800E4852B /* MainTabView.swift in Sources */ = {isa = PBXBuildFile; fileRef = 8CA921472ED9924800E4852B /* MainTabView.swift */; };
		8CA921522ED996E000E4852B /* EmotionRecord.swift in Sources */ = {isa = PBXBuildFile; fileRef = 8CA921512ED996E000E4852B /* EmotionRecord.swift */; };
		9DF46ED3887B8B7A601A09EC /* TuistFonts+HaruDam.swift in Sources */ = {isa = PBXBuildFile; fileRef = 490D0720B26632DBAEC95BAB /* TuistFonts+HaruDam.swift */; };
		B0FA3B7E30989080D878C585 /* UserProfileCoreDataTests.swift in Sources */ = {isa = PBXBuildFile; fileRef = 6EEC51B0AD1DF60CF948E8BF /* UserProfileCoreDataTests.swift */; };
		B2107CDAAC8F22A29BA7D2C2 /* SupabaseConnectionTests.swift in Sources */ = {isa = PBXBuildFile; fileRef = 790A37E64281D0919176DFD1 /* SupabaseConnectionTests.swift */; };
		BFCCE1F70729460E0F27FE9A /* Supabase in Frameworks */ = {isa = PBXBuildFile; productRef = ADADFA575D9E111F653167FB /* Supabase */; };
		D44055A09FD8EEE60C669B34 /* HaruDamApp.swift in Sources */ = {isa = PBXBuildFile; fileRef = A39643DA2E0A57099C3BEB7D /* HaruDamApp.swift */; };
		D65943A189F394B25BDF11FD /* AppViewModel.swift in Sources */ = {isa = PBXBuildFile; fileRef = F298067425F4866065928E5A /* AppViewModel.swift */; };
		E20F8B21DD5188C6539045DE /* AuthService.swift in Sources */ = {isa = PBXBuildFile; fileRef = B5C6ADB2CD02D28F4E01A39E /* AuthService.swift */; };
		E6AEF0F27E3968CC78E50B0F /* SignUpViewModel.swift in Sources */ = {isa = PBXBuildFile; fileRef = CFE68C84A9AD7E974EDD870F /* SignUpViewModel.swift */; };
		F7CBE1459227B227E87C521D /* LoadingView.swift in Sources */ = {isa = PBXBuildFile; fileRef = 38636680B967AD4115660205 /* LoadingView.swift */; };
		FCD8543B6B1C74CB737AB5EA /* AppColor.swift in Sources */ = {isa = PBXBuildFile; fileRef = 3A3415BA108DB3B663B780F4 /* AppColor.swift */; };
/* End PBXBuildFile section */

/* Begin PBXContainerItemProxy section */
		2F902C7A8337E9CA0DB4893B /* PBXContainerItemProxy */ = {
			isa = PBXContainerItemProxy;
			containerPortal = FC26CD2713ADC91691BB4D8F /* Project object */;
			proxyType = 1;
			remoteGlobalIDString = C8225A6615754A28F0FAF964;
			remoteInfo = HaruDam;
		};
/* End PBXContainerItemProxy section */

/* Begin PBXCopyFilesBuildPhase section */
		67A7F3D52A39D76E7E363C9F /* Embed Frameworks */ = {
			isa = PBXCopyFilesBuildPhase;
			buildActionMask = 2147483647;
			dstPath = "";
			dstSubfolderSpec = 10;
			files = (
			);
			name = "Embed Frameworks";
			runOnlyForDeploymentPostprocessing = 0;
		};
		8451D06B38003F33056DF485 /* Embed Frameworks */ = {
			isa = PBXCopyFilesBuildPhase;
			buildActionMask = 2147483647;
			dstPath = "";
			dstSubfolderSpec = 10;
			files = (
			);
			name = "Embed Frameworks";
			runOnlyForDeploymentPostprocessing = 0;
		};
/* End PBXCopyFilesBuildPhase section */

/* Begin PBXFileReference section */
		060EE282A0B9F0B258F2777B /* SupabaseManager.swift */ = {isa = PBXFileReference; lastKnownFileType = sourcecode.swift; path = SupabaseManager.swift; sourceTree = "<group>"; };
		07336F6A4DE3A2B15C5F0D8B /* HaruDam.app */ = {isa = PBXFileReference; explicitFileType = wrapper.application; includeInIndex = 0; path = HaruDam.app; sourceTree = BUILT_PRODUCTS_DIR; };
		0B98D826F8B8E1EC3ECD0C75 /* User.swift */ = {isa = PBXFileReference; lastKnownFileType = sourcecode.swift; path = User.swift; sourceTree = "<group>"; };
		2649E4693020BEF4E85772F6 /* TuistAssets+HaruDam.swift */ = {isa = PBXFileReference; lastKnownFileType = sourcecode.swift; path = "TuistAssets+HaruDam.swift"; sourceTree = "<group>"; };
		38636680B967AD4115660205 /* LoadingView.swift */ = {isa = PBXFileReference; lastKnownFileType = sourcecode.swift; path = LoadingView.swift; sourceTree = "<group>"; };
		3A3415BA108DB3B663B780F4 /* AppColor.swift */ = {isa = PBXFileReference; lastKnownFileType = sourcecode.swift; path = AppColor.swift; sourceTree = "<group>"; };
		490D0720B26632DBAEC95BAB /* TuistFonts+HaruDam.swift */ = {isa = PBXFileReference; lastKnownFileType = sourcecode.swift; path = "TuistFonts+HaruDam.swift"; sourceTree = "<group>"; };
		4E73DABA943C5E66C7F4D34B /* SignUpView.swift */ = {isa = PBXFileReference; lastKnownFileType = sourcecode.swift; path = SignUpView.swift; sourceTree = "<group>"; };
		6EEC51B0AD1DF60CF948E8BF /* UserProfileCoreDataTests.swift */ = {isa = PBXFileReference; lastKnownFileType = sourcecode.swift; path = UserProfileCoreDataTests.swift; sourceTree = "<group>"; };
		6F628364144F14B7E984D8F2 /* HaruDamTests.xctest */ = {isa = PBXFileReference; explicitFileType = wrapper.cfbundle; includeInIndex = 0; path = HaruDamTests.xctest; sourceTree = BUILT_PRODUCTS_DIR; };
		7618813891C1CFBA43EDEA45 /* TuistBundle+HaruDam.swift */ = {isa = PBXFileReference; lastKnownFileType = sourcecode.swift; path = "TuistBundle+HaruDam.swift"; sourceTree = "<group>"; };
		77543AA0817F65CB2BD4C63D /* Assets.xcassets */ = {isa = PBXFileReference; lastKnownFileType = folder.assetcatalog; path = Assets.xcassets; sourceTree = "<group>"; };
		790A37E64281D0919176DFD1 /* SupabaseConnectionTests.swift */ = {isa = PBXFileReference; lastKnownFileType = sourcecode.swift; path = SupabaseConnectionTests.swift; sourceTree = "<group>"; };
		7D6C8A7FD3AC9046A2CFD2D9 /* HomeView.swift */ = {isa = PBXFileReference; lastKnownFileType = sourcecode.swift; path = HomeView.swift; sourceTree = "<group>"; };
		7FF8E78649C6CB1BA22347BB /* SplashView.swift */ = {isa = PBXFileReference; lastKnownFileType = sourcecode.swift; path = SplashView.swift; sourceTree = "<group>"; };
		8337EA76B51F130D5915F74C /* RippleCircle.swift */ = {isa = PBXFileReference; lastKnownFileType = sourcecode.swift; path = RippleCircle.swift; sourceTree = "<group>"; };
		8C9EAEEA2F18D331000BCFF1 /* EmotionRecordEntity+CoreDataProperties.swift */ = {isa = PBXFileReference; lastKnownFileType = sourcecode.swift; path = "EmotionRecordEntity+CoreDataProperties.swift"; sourceTree = "<group>"; };
		8C9EAEF42F18D344000BCFF1 /* EmotionRecordEntity+CoreDataClass.swift */ = {isa = PBXFileReference; lastKnownFileType = sourcecode.swift; path = "EmotionRecordEntity+CoreDataClass.swift"; sourceTree = "<group>"; };
		8C9EAF222F18D976000BCFF1 /* HaruDamModel.xcdatamodel */ = {isa = PBXFileReference; lastKnownFileType = wrapper.xcdatamodel; path = HaruDamModel.xcdatamodel; sourceTree = "<group>"; };
		8CA921472ED9924800E4852B /* MainTabView.swift */ = {isa = PBXFileReference; lastKnownFileType = sourcecode.swift; path = MainTabView.swift; sourceTree = "<group>"; };
		8CA921512ED996E000E4852B /* EmotionRecord.swift */ = {isa = PBXFileReference; lastKnownFileType = sourcecode.swift; path = EmotionRecord.swift; sourceTree = "<group>"; };
		9F21F42E0199535EAA24D614 /* Roboto-Medium.ttf */ = {isa = PBXFileReference; lastKnownFileType = file; path = "Roboto-Medium.ttf"; sourceTree = "<group>"; };
		9F5108D7CED75EC53D2FF76D /* Debug.xcconfig */ = {isa = PBXFileReference; lastKnownFileType = text.xcconfig; path = Debug.xcconfig; sourceTree = "<group>"; };
		A03E0CF08B9EF11E8763561D /* Release.xcconfig */ = {isa = PBXFileReference; lastKnownFileType = text.xcconfig; path = Release.xcconfig; sourceTree = "<group>"; };
		A39643DA2E0A57099C3BEB7D /* HaruDamApp.swift */ = {isa = PBXFileReference; lastKnownFileType = sourcecode.swift; path = HaruDamApp.swift; sourceTree = "<group>"; };
		B5C6ADB2CD02D28F4E01A39E /* AuthService.swift */ = {isa = PBXFileReference; lastKnownFileType = sourcecode.swift; path = AuthService.swift; sourceTree = "<group>"; };
		CFE68C84A9AD7E974EDD870F /* SignUpViewModel.swift */ = {isa = PBXFileReference; lastKnownFileType = sourcecode.swift; path = SignUpViewModel.swift; sourceTree = "<group>"; };
		D98A69644AC2740DE4F0C452 /* Info.plist */ = {isa = PBXFileReference; lastKnownFileType = text.plist; path = Info.plist; sourceTree = "<group>"; };
		DCD81377E42425EAAE3285AB /* HaruDamTests-Info.plist */ = {isa = PBXFileReference; lastKnownFileType = text.plist; path = "HaruDamTests-Info.plist"; sourceTree = "<group>"; };
		E4C8509434C5329FF38023AE /* PersistenceController.swift */ = {isa = PBXFileReference; lastKnownFileType = sourcecode.swift; path = PersistenceController.swift; sourceTree = "<group>"; };
		F298067425F4866065928E5A /* AppViewModel.swift */ = {isa = PBXFileReference; lastKnownFileType = sourcecode.swift; path = AppViewModel.swift; sourceTree = "<group>"; };
/* End PBXFileReference section */

/* Begin PBXFileSystemSynchronizedRootGroup section */
		8CA9213E2ED87CAD00E4852B /* Sections */ = {isa = PBXFileSystemSynchronizedRootGroup; explicitFileTypes = {}; explicitFolders = (); path = Sections; sourceTree = "<group>"; };
		8CA9214D2ED993D600E4852B /* Record */ = {isa = PBXFileSystemSynchronizedRootGroup; explicitFileTypes = {}; explicitFolders = (); path = Record; sourceTree = "<group>"; };
		8CA9214F2ED993EA00E4852B /* Profile */ = {isa = PBXFileSystemSynchronizedRootGroup; explicitFileTypes = {}; explicitFolders = (); path = Profile; sourceTree = "<group>"; };
		8CA921932EEAFBEC00E4852B /* Shared */ = {isa = PBXFileSystemSynchronizedRootGroup; explicitFileTypes = {}; explicitFolders = (); path = Shared; sourceTree = "<group>"; };
/* End PBXFileSystemSynchronizedRootGroup section */

/* Begin PBXFrameworksBuildPhase section */
		9A4A02BE76F96AE7F6467B65 /* Frameworks */ = {
			isa = PBXFrameworksBuildPhase;
			buildActionMask = 2147483647;
			files = (
				496DE70D988754C028EC2CCB /* GoogleSignIn in Frameworks */,
				BFCCE1F70729460E0F27FE9A /* Supabase in Frameworks */,
				15536D401AB1F6E4A64B8885 /* KakaoSDK in Frameworks */,
			);
			runOnlyForDeploymentPostprocessing = 0;
		};
		D5F8D2A3FB04671322122427 /* Frameworks */ = {
			isa = PBXFrameworksBuildPhase;
			buildActionMask = 2147483647;
			files = (
			);
			runOnlyForDeploymentPostprocessing = 0;
		};
/* End PBXFrameworksBuildPhase section */

/* Begin PBXGroup section */
		0B00296C19F39A35E830DC5E /* Derived */ = {
			isa = PBXGroup;
			children = (
				638FCAF46C3B2930AF030AA7 /* InfoPlists */,
				522244D0C99EF475DD1E54D4 /* Sources */,
			);
			path = Derived;
			sourceTree = "<group>";
		};
		16548BEC2B63A3D4437A0D3D /* HaruDamTests */ = {
			isa = PBXGroup;
			children = (
				790A37E64281D0919176DFD1 /* SupabaseConnectionTests.swift */,
				6EEC51B0AD1DF60CF948E8BF /* UserProfileCoreDataTests.swift */,
			);
			path = HaruDamTests;
			sourceTree = "<group>";
		};
		522244D0C99EF475DD1E54D4 /* Sources */ = {
			isa = PBXGroup;
			children = (
				2649E4693020BEF4E85772F6 /* TuistAssets+HaruDam.swift */,
				7618813891C1CFBA43EDEA45 /* TuistBundle+HaruDam.swift */,
				490D0720B26632DBAEC95BAB /* TuistFonts+HaruDam.swift */,
			);
			path = Sources;
			sourceTree = "<group>";
		};
		57C5EE9E0D4597F902D017AE /* Fonts */ = {
			isa = PBXGroup;
			children = (
				9F21F42E0199535EAA24D614 /* Roboto-Medium.ttf */,
			);
			path = Fonts;
			sourceTree = "<group>";
		};
		5808272BF0D4985395568814 /* Splash */ = {
			isa = PBXGroup;
			children = (
				8337EA76B51F130D5915F74C /* RippleCircle.swift */,
				7FF8E78649C6CB1BA22347BB /* SplashView.swift */,
			);
			path = Splash;
			sourceTree = "<group>";
		};
		5AB7C0AC9D868DB6303F030C /* View */ = {
			isa = PBXGroup;
			children = (
				4E73DABA943C5E66C7F4D34B /* SignUpView.swift */,
			);
			path = View;
			sourceTree = "<group>";
		};
		5F4AED538AD9D98CB88D308A /* Services */ = {
			isa = PBXGroup;
			children = (
				B5C6ADB2CD02D28F4E01A39E /* AuthService.swift */,
			);
			path = Services;
			sourceTree = "<group>";
		};
		60F70E220B40749571E6404E /* Utils */ = {
			isa = PBXGroup;
			children = (
				7C52C0746B694A603674EBCF /* Extensions */,
				060EE282A0B9F0B258F2777B /* SupabaseManager.swift */,
			);
			path = Utils;
			sourceTree = "<group>";
		};
		638FCAF46C3B2930AF030AA7 /* InfoPlists */ = {
			isa = PBXGroup;
			children = (
				DCD81377E42425EAAE3285AB /* HaruDamTests-Info.plist */,
			);
			path = InfoPlists;
			sourceTree = "<group>";
		};
		6F278E9B59AA58E49A534B65 /* Features */ = {
			isa = PBXGroup;
			children = (
				8CA9214F2ED993EA00E4852B /* Profile */,
				8CA9214D2ED993D600E4852B /* Record */,
				BD0FFFD04D9C9AE769F30E88 /* Home */,
				BA207D7663CE4C425DEE785C /* SignUp */,
				5808272BF0D4985395568814 /* Splash */,
			);
			path = Features;
			sourceTree = "<group>";
		};
		7C52C0746B694A603674EBCF /* Extensions */ = {
			isa = PBXGroup;
			children = (
				3A3415BA108DB3B663B780F4 /* AppColor.swift */,
			);
			path = Extensions;
			sourceTree = "<group>";
		};
		88C95848A75EA582E4F19FD5 /* Loading */ = {
			isa = PBXGroup;
			children = (
				38636680B967AD4115660205 /* LoadingView.swift */,
			);
			path = Loading;
			sourceTree = "<group>";
		};
		8CE3F7E89F3EB36430039FFE /* Components */ = {
			isa = PBXGroup;
			children = (
				88C95848A75EA582E4F19FD5 /* Loading */,
			);
			path = Components;
			sourceTree = "<group>";
		};
		91C7050A7A740B421B3930E6 /* Resources */ = {
			isa = PBXGroup;
			children = (
				57C5EE9E0D4597F902D017AE /* Fonts */,
				77543AA0817F65CB2BD4C63D /* Assets.xcassets */,
			);
			path = Resources;
			sourceTree = "<group>";
		};
		959BFF43CD8542530BE7EC8D = {
			isa = PBXGroup;
			children = (
				FDA2235C9AE1904054DD45FA /* Products */,
				BF073201B1D65FDE38ED651A /* Project */,
			);
			sourceTree = "<group>";
		};
		BA207D7663CE4C425DEE785C /* SignUp */ = {
			isa = PBXGroup;
			children = (
				5AB7C0AC9D868DB6303F030C /* View */,
				EA25EE1778FE26FF0049ACFA /* ViewModel */,
			);
			path = SignUp;
			sourceTree = "<group>";
		};
		BD0FFFD04D9C9AE769F30E88 /* Home */ = {
			isa = PBXGroup;
			children = (
				ED413DC81DC53E4028194922 /* View */,
			);
			path = Home;
			sourceTree = "<group>";
		};
		BF073201B1D65FDE38ED651A /* Project */ = {
			isa = PBXGroup;
			children = (
				0B00296C19F39A35E830DC5E /* Derived */,
				CF9730CA0643A7DF2336B557 /* HaruDam */,
				16548BEC2B63A3D4437A0D3D /* HaruDamTests */,
			);
			name = Project;
			sourceTree = "<group>";
		};
		CF68A177CAAFED0DB2034F0A /* CoreData */ = {
			isa = PBXGroup;
			children = (
				E4C8509434C5329FF38023AE /* PersistenceController.swift */,
				8C9EAEEA2F18D331000BCFF1 /* EmotionRecordEntity+CoreDataProperties.swift */,
				8C9EAEF42F18D344000BCFF1 /* EmotionRecordEntity+CoreDataClass.swift */,
				8C9EAF222F18D976000BCFF1 /* HaruDamModel.xcdatamodel */,
			);
			path = CoreData;
			sourceTree = "<group>";
		};
		CF9730CA0643A7DF2336B557 /* HaruDam */ = {
			isa = PBXGroup;
			children = (
				8CA921932EEAFBEC00E4852B /* Shared */,
				8CE3F7E89F3EB36430039FFE /* Components */,
				F06AF7C47EBE114236F0DA7E /* Config */,
				CF68A177CAAFED0DB2034F0A /* CoreData */,
				FF9DC5B1453C72A2DE5C3D7A /* Domain */,
				6F278E9B59AA58E49A534B65 /* Features */,
				EA6514DD2B9D317DD0A32050 /* Managers */,
				91C7050A7A740B421B3930E6 /* Resources */,
				5F4AED538AD9D98CB88D308A /* Services */,
				60F70E220B40749571E6404E /* Utils */,
				A39643DA2E0A57099C3BEB7D /* HaruDamApp.swift */,
				D98A69644AC2740DE4F0C452 /* Info.plist */,
			);
			path = HaruDam;
			sourceTree = "<group>";
		};
		EA25EE1778FE26FF0049ACFA /* ViewModel */ = {
			isa = PBXGroup;
			children = (
				CFE68C84A9AD7E974EDD870F /* SignUpViewModel.swift */,
			);
			path = ViewModel;
			sourceTree = "<group>";
		};
		EA6514DD2B9D317DD0A32050 /* Managers */ = {
			isa = PBXGroup;
			children = (
				F298067425F4866065928E5A /* AppViewModel.swift */,
			);
			path = Managers;
			sourceTree = "<group>";
		};
		ED413DC81DC53E4028194922 /* View */ = {
			isa = PBXGroup;
			children = (
				8CA9213E2ED87CAD00E4852B /* Sections */,
				7D6C8A7FD3AC9046A2CFD2D9 /* HomeView.swift */,
				8CA921472ED9924800E4852B /* MainTabView.swift */,
			);
			path = View;
			sourceTree = "<group>";
		};
		F06AF7C47EBE114236F0DA7E /* Config */ = {
			isa = PBXGroup;
			children = (
				9F5108D7CED75EC53D2FF76D /* Debug.xcconfig */,
				A03E0CF08B9EF11E8763561D /* Release.xcconfig */,
			);
			path = Config;
			sourceTree = "<group>";
		};
		FDA2235C9AE1904054DD45FA /* Products */ = {
			isa = PBXGroup;
			children = (
				07336F6A4DE3A2B15C5F0D8B /* HaruDam.app */,
				6F628364144F14B7E984D8F2 /* HaruDamTests.xctest */,
			);
			name = Products;
			sourceTree = "<group>";
		};
		FF9DC5B1453C72A2DE5C3D7A /* Domain */ = {
			isa = PBXGroup;
			children = (
				0B98D826F8B8E1EC3ECD0C75 /* User.swift */,
				8CA921512ED996E000E4852B /* EmotionRecord.swift */,
			);
			path = Domain;
			sourceTree = "<group>";
		};
/* End PBXGroup section */

/* Begin PBXNativeTarget section */
		C8225A6615754A28F0FAF964 /* HaruDam */ = {
			isa = PBXNativeTarget;
			buildConfigurationList = 7AC525B252D938632C085803 /* Build configuration list for PBXNativeTarget "HaruDam" */;
			buildPhases = (
				94AEC339C3891C0CDB97C8E7 /* Sources */,
				AC726E31B01E0B32D1EEDAA3 /* Resources */,
				9A4A02BE76F96AE7F6467B65 /* Frameworks */,
				67A7F3D52A39D76E7E363C9F /* Embed Frameworks */,
			);
			buildRules = (
			);
			dependencies = (
			);
			fileSystemSynchronizedGroups = (
				8CA9213E2ED87CAD00E4852B /* Sections */,
				8CA9214D2ED993D600E4852B /* Record */,
				8CA9214F2ED993EA00E4852B /* Profile */,
				8CA921932EEAFBEC00E4852B /* Shared */,
			);
			name = HaruDam;
			packageProductDependencies = (
				48F89E3F86C3C0C43417D9D7 /* GoogleSignIn */,
				ADADFA575D9E111F653167FB /* Supabase */,
				FEF84DBD8A3BA3FF58F9962E /* KakaoSDK */,
			);
			productName = HaruDam;
			productReference = 07336F6A4DE3A2B15C5F0D8B /* HaruDam.app */;
			productType = "com.apple.product-type.application";
		};
		D52465FD25C0AB79F46391DA /* HaruDamTests */ = {
			isa = PBXNativeTarget;
			buildConfigurationList = 4C686AE3A664B9C7C93FC135 /* Build configuration list for PBXNativeTarget "HaruDamTests" */;
			buildPhases = (
				CEC6369F6DF183DE03E95CD4 /* Sources */,
				4ABE35AFE32C3F114DF8212E /* Resources */,
				D5F8D2A3FB04671322122427 /* Frameworks */,
				8451D06B38003F33056DF485 /* Embed Frameworks */,
			);
			buildRules = (
			);
			dependencies = (
				9841D4B9843E0E1BDC056A50 /* PBXTargetDependency */,
			);
			name = HaruDamTests;
			packageProductDependencies = (
			);
			productName = HaruDamTests;
			productReference = 6F628364144F14B7E984D8F2 /* HaruDamTests.xctest */;
			productType = "com.apple.product-type.bundle.unit-test";
		};
/* End PBXNativeTarget section */

/* Begin PBXProject section */
		FC26CD2713ADC91691BB4D8F /* Project object */ = {
			isa = PBXProject;
			attributes = {
				BuildIndependentTargetsInParallel = YES;
				ORGANIZATIONNAME = kr.co.HaruDam;
				TargetAttributes = {
					D52465FD25C0AB79F46391DA = {
						TestTargetID = C8225A6615754A28F0FAF964;
					};
				};
			};
			buildConfigurationList = 955CE03AE5D2DFBECE271099 /* Build configuration list for PBXProject "HaruDam" */;
			compatibilityVersion = "Xcode 14.0";
			developmentRegion = en;
			hasScannedForEncodings = 0;
			knownRegions = (
				Base,
				en,
			);
			mainGroup = 959BFF43CD8542530BE7EC8D;
			packageReferences = (
				472DE52AEEBC6A86E0469ACA /* XCRemoteSwiftPackageReference "GoogleSignIn-iOS" */,
				E007C5537DC6C9A24AEAF75E /* XCRemoteSwiftPackageReference "kakao-ios-sdk" */,
				C6BC69129E4E7A57FE102C1B /* XCRemoteSwiftPackageReference "supabase-swift" */,
			);
			productRefGroup = FDA2235C9AE1904054DD45FA /* Products */;
			projectDirPath = "";
			projectRoot = "";
			targets = (
				C8225A6615754A28F0FAF964 /* HaruDam */,
				D52465FD25C0AB79F46391DA /* HaruDamTests */,
			);
		};
/* End PBXProject section */

/* Begin PBXResourcesBuildPhase section */
		4ABE35AFE32C3F114DF8212E /* Resources */ = {
			isa = PBXResourcesBuildPhase;
			buildActionMask = 2147483647;
			files = (
			);
			runOnlyForDeploymentPostprocessing = 0;
		};
		AC726E31B01E0B32D1EEDAA3 /* Resources */ = {
			isa = PBXResourcesBuildPhase;
			buildActionMask = 2147483647;
			files = (
				36F1190817AB23961D06751D /* Assets.xcassets in Resources */,
				5A783CAC8E3AA76485DC97D2 /* Roboto-Medium.ttf in Resources */,
			);
			runOnlyForDeploymentPostprocessing = 0;
		};
/* End PBXResourcesBuildPhase section */

/* Begin PBXSourcesBuildPhase section */
		94AEC339C3891C0CDB97C8E7 /* Sources */ = {
			isa = PBXSourcesBuildPhase;
			buildActionMask = 2147483647;
			files = (
				2600AF8D356250D1751B2D2C /* TuistAssets+HaruDam.swift in Sources */,
				8C9EAEEB2F18D331000BCFF1 /* EmotionRecordEntity+CoreDataProperties.swift in Sources */,
				8C9EAF232F18D976000BCFF1 /* HaruDamModel.xcdatamodel in Sources */,
				8C9EAEF52F18D344000BCFF1 /* EmotionRecordEntity+CoreDataClass.swift in Sources */,
				2F7A4C6EB64479636AEA32AA /* TuistBundle+HaruDam.swift in Sources */,
				9DF46ED3887B8B7A601A09EC /* TuistFonts+HaruDam.swift in Sources */,
				F7CBE1459227B227E87C521D /* LoadingView.swift in Sources */,
				1EADF7358A06D684A48C5B17 /* PersistenceController.swift in Sources */,
				1B4EEBE6234C1947F7AD7A6A /* User.swift in Sources */,
				468C97C0DBC3FFD37EC1C8EB /* HomeView.swift in Sources */,
				4CD91C4B89A277C782E22470 /* SignUpView.swift in Sources */,
				8CA921522ED996E000E4852B /* EmotionRecord.swift in Sources */,
				E6AEF0F27E3968CC78E50B0F /* SignUpViewModel.swift in Sources */,
				0D6FC1EB9FC12129088BC83A /* RippleCircle.swift in Sources */,
				2C566A55581FE12C43267D83 /* SplashView.swift in Sources */,
				8CA921482ED9924800E4852B /* MainTabView.swift in Sources */,
				D44055A09FD8EEE60C669B34 /* HaruDamApp.swift in Sources */,
				D65943A189F394B25BDF11FD /* AppViewModel.swift in Sources */,
				E20F8B21DD5188C6539045DE /* AuthService.swift in Sources */,
				FCD8543B6B1C74CB737AB5EA /* AppColor.swift in Sources */,
				051EB001675B19B03060D189 /* SupabaseManager.swift in Sources */,
			);
			runOnlyForDeploymentPostprocessing = 0;
		};
		CEC6369F6DF183DE03E95CD4 /* Sources */ = {
			isa = PBXSourcesBuildPhase;
			buildActionMask = 2147483647;
			files = (
				B2107CDAAC8F22A29BA7D2C2 /* SupabaseConnectionTests.swift in Sources */,
				B0FA3B7E30989080D878C585 /* UserProfileCoreDataTests.swift in Sources */,
			);
			runOnlyForDeploymentPostprocessing = 0;
		};
/* End PBXSourcesBuildPhase section */

/* Begin PBXTargetDependency section */
		9841D4B9843E0E1BDC056A50 /* PBXTargetDependency */ = {
			isa = PBXTargetDependency;
			name = HaruDam;
			target = C8225A6615754A28F0FAF964 /* HaruDam */;
			targetProxy = 2F902C7A8337E9CA0DB4893B /* PBXContainerItemProxy */;
		};
/* End PBXTargetDependency section */

/* Begin XCBuildConfiguration section */
		061D0EF7D015D75FC773D750 /* Debug */ = {
			isa = XCBuildConfiguration;
			baseConfigurationReference = 9F5108D7CED75EC53D2FF76D /* Debug.xcconfig */;
			buildSettings = {
				ALWAYS_SEARCH_USER_PATHS = NO;
				CLANG_ANALYZER_LOCALIZABILITY_NONLOCALIZED = YES;
				CLANG_ANALYZER_NONNULL = YES;
				CLANG_ANALYZER_NUMBER_OBJECT_CONVERSION = YES_AGGRESSIVE;
				CLANG_CXX_LANGUAGE_STANDARD = "gnu++14";
				CLANG_CXX_LIBRARY = "libc++";
				CLANG_ENABLE_MODULES = YES;
				CLANG_ENABLE_OBJC_ARC = YES;
				CLANG_ENABLE_OBJC_WEAK = YES;
				CLANG_WARN_BLOCK_CAPTURE_AUTORELEASING = YES;
				CLANG_WARN_BOOL_CONVERSION = YES;
				CLANG_WARN_COMMA = YES;
				CLANG_WARN_CONSTANT_CONVERSION = YES;
				CLANG_WARN_DEPRECATED_OBJC_IMPLEMENTATIONS = YES;
				CLANG_WARN_DIRECT_OBJC_ISA_USAGE = YES_ERROR;
				CLANG_WARN_DOCUMENTATION_COMMENTS = YES;
				CLANG_WARN_EMPTY_BODY = YES;
				CLANG_WARN_ENUM_CONVERSION = YES;
				CLANG_WARN_INFINITE_RECURSION = YES;
				CLANG_WARN_INT_CONVERSION = YES;
				CLANG_WARN_NON_LITERAL_NULL_CONVERSION = YES;
				CLANG_WARN_OBJC_IMPLICIT_RETAIN_SELF = YES;
				CLANG_WARN_OBJC_LITERAL_CONVERSION = YES;
				CLANG_WARN_OBJC_ROOT_CLASS = YES_ERROR;
				CLANG_WARN_QUOTED_INCLUDE_IN_FRAMEWORK_HEADER = YES;
				CLANG_WARN_RANGE_LOOP_ANALYSIS = YES;
				CLANG_WARN_STRICT_PROTOTYPES = YES;
				CLANG_WARN_SUSPICIOUS_MOVE = YES;
				CLANG_WARN_UNGUARDED_AVAILABILITY = YES_AGGRESSIVE;
				CLANG_WARN_UNREACHABLE_CODE = YES;
				CLANG_WARN__DUPLICATE_METHOD_MATCH = YES;
				COPY_PHASE_STRIP = NO;
				DEAD_CODE_STRIPPING = YES;
				DEBUG_INFORMATION_FORMAT = dwarf;
				ENABLE_STRICT_OBJC_MSGSEND = YES;
				ENABLE_TESTABILITY = YES;
				GCC_C_LANGUAGE_STANDARD = gnu11;
				GCC_DYNAMIC_NO_PIC = NO;
				GCC_NO_COMMON_BLOCKS = YES;
				GCC_OPTIMIZATION_LEVEL = 0;
				GCC_PREPROCESSOR_DEFINITIONS = (
					"DEBUG=1",
					"$(inherited)",
				);
				GCC_WARN_64_TO_32_BIT_CONVERSION = YES;
				GCC_WARN_ABOUT_RETURN_TYPE = YES_ERROR;
				GCC_WARN_UNDECLARED_SELECTOR = YES;
				GCC_WARN_UNINITIALIZED_AUTOS = YES_AGGRESSIVE;
				GCC_WARN_UNUSED_FUNCTION = YES;
				GCC_WARN_UNUSED_VARIABLE = YES;
				IPHONEOS_DEPLOYMENT_TARGET = 16.0;
				MTL_ENABLE_DEBUG_INFO = YES;
				ONLY_ACTIVE_ARCH = YES;
				PRODUCT_NAME = "$(TARGET_NAME)";
			};
			name = Debug;
		};
		2BACE04C7EE35B93FCB12E63 /* Release */ = {
			isa = XCBuildConfiguration;
			baseConfigurationReference = A03E0CF08B9EF11E8763561D /* Release.xcconfig */;
			buildSettings = {
				ALWAYS_SEARCH_USER_PATHS = NO;
				CLANG_ANALYZER_LOCALIZABILITY_NONLOCALIZED = YES;
				CLANG_ANALYZER_NONNULL = YES;
				CLANG_ANALYZER_NUMBER_OBJECT_CONVERSION = YES_AGGRESSIVE;
				CLANG_CXX_LANGUAGE_STANDARD = "gnu++14";
				CLANG_CXX_LIBRARY = "libc++";
				CLANG_ENABLE_MODULES = YES;
				CLANG_ENABLE_OBJC_ARC = YES;
				CLANG_ENABLE_OBJC_WEAK = YES;
				CLANG_WARN_BLOCK_CAPTURE_AUTORELEASING = YES;
				CLANG_WARN_BOOL_CONVERSION = YES;
				CLANG_WARN_COMMA = YES;
				CLANG_WARN_CONSTANT_CONVERSION = YES;
				CLANG_WARN_DEPRECATED_OBJC_IMPLEMENTATIONS = YES;
				CLANG_WARN_DIRECT_OBJC_ISA_USAGE = YES_ERROR;
				CLANG_WARN_DOCUMENTATION_COMMENTS = YES;
				CLANG_WARN_EMPTY_BODY = YES;
				CLANG_WARN_ENUM_CONVERSION = YES;
				CLANG_WARN_INFINITE_RECURSION = YES;
				CLANG_WARN_INT_CONVERSION = YES;
				CLANG_WARN_NON_LITERAL_NULL_CONVERSION = YES;
				CLANG_WARN_OBJC_IMPLICIT_RETAIN_SELF = YES;
				CLANG_WARN_OBJC_LITERAL_CONVERSION = YES;
				CLANG_WARN_OBJC_ROOT_CLASS = YES_ERROR;
				CLANG_WARN_QUOTED_INCLUDE_IN_FRAMEWORK_HEADER = YES;
				CLANG_WARN_RANGE_LOOP_ANALYSIS = YES;
				CLANG_WARN_STRICT_PROTOTYPES = YES;
				CLANG_WARN_SUSPICIOUS_MOVE = YES;
				CLANG_WARN_UNGUARDED_AVAILABILITY = YES_AGGRESSIVE;
				CLANG_WARN_UNREACHABLE_CODE = YES;
				CLANG_WARN__DUPLICATE_METHOD_MATCH = YES;
				COPY_PHASE_STRIP = NO;
				DEAD_CODE_STRIPPING = YES;
				DEBUG_INFORMATION_FORMAT = "dwarf-with-dsym";
				ENABLE_NS_ASSERTIONS = NO;
				ENABLE_STRICT_OBJC_MSGSEND = YES;
				GCC_C_LANGUAGE_STANDARD = gnu11;
				GCC_NO_COMMON_BLOCKS = YES;
				GCC_WARN_64_TO_32_BIT_CONVERSION = YES;
				GCC_WARN_ABOUT_RETURN_TYPE = YES_ERROR;
				GCC_WARN_UNDECLARED_SELECTOR = YES;
				GCC_WARN_UNINITIALIZED_AUTOS = YES_AGGRESSIVE;
				GCC_WARN_UNUSED_FUNCTION = YES;
				GCC_WARN_UNUSED_VARIABLE = YES;
				IPHONEOS_DEPLOYMENT_TARGET = 16.0;
				MTL_ENABLE_DEBUG_INFO = NO;
				PRODUCT_NAME = "$(TARGET_NAME)";
				VALIDATE_PRODUCT = YES;
			};
			name = Release;
		};
		3DEA68EEF90E7FA964B31A5B /* Release */ = {
			isa = XCBuildConfiguration;
			buildSettings = {
				BUNDLE_LOADER = "$(TEST_HOST)";
				CODE_SIGN_IDENTITY = "iPhone Developer";
				INFOPLIST_FILE = "Derived/InfoPlists/HaruDamTests-Info.plist";
				LD_RUNPATH_SEARCH_PATHS = (
					"$(inherited)",
					"@executable_path/Frameworks",
					"@loader_path/Frameworks",
				);
				PRODUCT_BUNDLE_IDENTIFIER = kr.co.HaruDamTests;
				PRODUCT_NAME = HaruDamTests;
				SDKROOT = iphoneos;
				SUPPORTS_MACCATALYST = NO;
				SUPPORTS_MAC_DESIGNED_FOR_IPHONE_IPAD = YES;
				SUPPORTS_XR_DESIGNED_FOR_IPHONE_IPAD = NO;
				SWIFT_COMPILATION_MODE = wholemodule;
				SWIFT_OPTIMIZATION_LEVEL = "-O";
				SWIFT_VERSION = 5.0;
				TARGETED_DEVICE_FAMILY = "1,2";
				TEST_HOST = "$(BUILT_PRODUCTS_DIR)/HaruDam.app/$(BUNDLE_EXECUTABLE_FOLDER_PATH)/HaruDam";
				TEST_TARGET_NAME = HaruDam;
			};
			name = Release;
		};
		8C74B88D706B81489D8A6670 /* Debug */ = {
			isa = XCBuildConfiguration;
			buildSettings = {
				ASSETCATALOG_COMPILER_APPICON_NAME = AppIcon;
				ASSETCATALOG_COMPILER_GLOBAL_ACCENT_COLOR_NAME = AccentColor;
				CODE_SIGN_IDENTITY = "iPhone Developer";
				DEVELOPMENT_TEAM = CW5VMZLJAM;
				ENABLE_PREVIEWS = YES;
				INFOPLIST_FILE = HaruDam/Info.plist;
				IPHONEOS_DEPLOYMENT_TARGET = 16.0;
				LD_RUNPATH_SEARCH_PATHS = (
					"$(inherited)",
					"@executable_path/Frameworks",
				);
				PRODUCT_BUNDLE_IDENTIFIER = kr.co.HaruDam;
				PRODUCT_NAME = HaruDam;
				SDKROOT = iphoneos;
				SUPPORTS_MACCATALYST = NO;
				SUPPORTS_MAC_DESIGNED_FOR_IPHONE_IPAD = YES;
				SUPPORTS_XR_DESIGNED_FOR_IPHONE_IPAD = NO;
				SWIFT_ACTIVE_COMPILATION_CONDITIONS = "$(inherited) DEBUG";
				SWIFT_COMPILATION_MODE = singlefile;
				SWIFT_OPTIMIZATION_LEVEL = "-Onone";
				SWIFT_VERSION = 5.0;
				TARGETED_DEVICE_FAMILY = "1,2";
			};
			name = Debug;
		};
		98A04A9965F1E2FF9A8476AB /* Debug */ = {
			isa = XCBuildConfiguration;
			buildSettings = {
				BUNDLE_LOADER = "$(TEST_HOST)";
				CODE_SIGN_IDENTITY = "iPhone Developer";
				INFOPLIST_FILE = "Derived/InfoPlists/HaruDamTests-Info.plist";
				LD_RUNPATH_SEARCH_PATHS = (
					"$(inherited)",
					"@executable_path/Frameworks",
					"@loader_path/Frameworks",
				);
				PRODUCT_BUNDLE_IDENTIFIER = kr.co.HaruDamTests;
				PRODUCT_NAME = HaruDamTests;
				SDKROOT = iphoneos;
				SUPPORTS_MACCATALYST = NO;
				SUPPORTS_MAC_DESIGNED_FOR_IPHONE_IPAD = YES;
				SUPPORTS_XR_DESIGNED_FOR_IPHONE_IPAD = NO;
				SWIFT_ACTIVE_COMPILATION_CONDITIONS = "$(inherited) DEBUG";
				SWIFT_COMPILATION_MODE = singlefile;
				SWIFT_OPTIMIZATION_LEVEL = "-Onone";
				SWIFT_VERSION = 5.0;
				TARGETED_DEVICE_FAMILY = "1,2";
				TEST_HOST = "$(BUILT_PRODUCTS_DIR)/HaruDam.app/$(BUNDLE_EXECUTABLE_FOLDER_PATH)/HaruDam";
				TEST_TARGET_NAME = HaruDam;
			};
			name = Debug;
		};
		AB3465E5B43971A155EA9DB3 /* Release */ = {
			isa = XCBuildConfiguration;
			buildSettings = {
				ASSETCATALOG_COMPILER_APPICON_NAME = AppIcon;
				ASSETCATALOG_COMPILER_GLOBAL_ACCENT_COLOR_NAME = AccentColor;
				CODE_SIGN_IDENTITY = "iPhone Developer";
				DEVELOPMENT_TEAM = CW5VMZLJAM;
				ENABLE_PREVIEWS = YES;
				INFOPLIST_FILE = HaruDam/Info.plist;
				IPHONEOS_DEPLOYMENT_TARGET = 16.0;
				LD_RUNPATH_SEARCH_PATHS = (
					"$(inherited)",
					"@executable_path/Frameworks",
				);
				PRODUCT_BUNDLE_IDENTIFIER = kr.co.HaruDam;
				PRODUCT_NAME = HaruDam;
				SDKROOT = iphoneos;
				SUPPORTS_MACCATALYST = NO;
				SUPPORTS_MAC_DESIGNED_FOR_IPHONE_IPAD = YES;
				SUPPORTS_XR_DESIGNED_FOR_IPHONE_IPAD = NO;
				SWIFT_COMPILATION_MODE = wholemodule;
				SWIFT_OPTIMIZATION_LEVEL = "-O";
				SWIFT_VERSION = 5.0;
				TARGETED_DEVICE_FAMILY = "1,2";
			};
			name = Release;
		};
/* End XCBuildConfiguration section */

/* Begin XCConfigurationList section */
		4C686AE3A664B9C7C93FC135 /* Build configuration list for PBXNativeTarget "HaruDamTests" */ = {
			isa = XCConfigurationList;
			buildConfigurations = (
				98A04A9965F1E2FF9A8476AB /* Debug */,
				3DEA68EEF90E7FA964B31A5B /* Release */,
			);
			defaultConfigurationIsVisible = 0;
			defaultConfigurationName = Release;
		};
		7AC525B252D938632C085803 /* Build configuration list for PBXNativeTarget "HaruDam" */ = {
			isa = XCConfigurationList;
			buildConfigurations = (
				8C74B88D706B81489D8A6670 /* Debug */,
				AB3465E5B43971A155EA9DB3 /* Release */,
			);
			defaultConfigurationIsVisible = 0;
			defaultConfigurationName = Release;
		};
		955CE03AE5D2DFBECE271099 /* Build configuration list for PBXProject "HaruDam" */ = {
			isa = XCConfigurationList;
			buildConfigurations = (
				061D0EF7D015D75FC773D750 /* Debug */,
				2BACE04C7EE35B93FCB12E63 /* Release */,
			);
			defaultConfigurationIsVisible = 0;
			defaultConfigurationName = Release;
		};
/* End XCConfigurationList section */

/* Begin XCRemoteSwiftPackageReference section */
		472DE52AEEBC6A86E0469ACA /* XCRemoteSwiftPackageReference "GoogleSignIn-iOS" */ = {
			isa = XCRemoteSwiftPackageReference;
			repositoryURL = "https://github.com/google/GoogleSignIn-iOS";
			requirement = {
				kind = upToNextMajorVersion;
				minimumVersion = 9.0.0;
			};
		};
		C6BC69129E4E7A57FE102C1B /* XCRemoteSwiftPackageReference "supabase-swift" */ = {
			isa = XCRemoteSwiftPackageReference;
			repositoryURL = "https://github.com/supabase-community/supabase-swift";
			requirement = {
				kind = upToNextMajorVersion;
				minimumVersion = 2.5.1;
			};
		};
		E007C5537DC6C9A24AEAF75E /* XCRemoteSwiftPackageReference "kakao-ios-sdk" */ = {
			isa = XCRemoteSwiftPackageReference;
			repositoryURL = "https://github.com/kakao/kakao-ios-sdk";
			requirement = {
				kind = upToNextMajorVersion;
				minimumVersion = 2.26.0;
			};
		};
/* End XCRemoteSwiftPackageReference section */

/* Begin XCSwiftPackageProductDependency section */
		48F89E3F86C3C0C43417D9D7 /* GoogleSignIn */ = {
			isa = XCSwiftPackageProductDependency;
			productName = GoogleSignIn;
		};
		ADADFA575D9E111F653167FB /* Supabase */ = {
			isa = XCSwiftPackageProductDependency;
			productName = Supabase;
		};
		FEF84DBD8A3BA3FF58F9962E /* KakaoSDK */ = {
			isa = XCSwiftPackageProductDependency;
			productName = KakaoSDK;
		};
/* End XCSwiftPackageProductDependency section */
	};
	rootObject = FC26CD2713ADC91691BB4D8F /* Project object */;
}
