// !$*UTF8*$!
{
	archiveVersion = 1;
	classes = {
	};
	objectVersion = 77;
	objects = {

/* Begin PBXBuildFile section */
		8C69CAC22ECB60D2009701FB /* KakaoSDK in Frameworks */ = {isa = PBXBuildFile; productRef = 8C69CAC12ECB60D2009701FB /* KakaoSDK */; };
		8C69CAC42ECB60D2009701FB /* KakaoSDKAuth in Frameworks */ = {isa = PBXBuildFile; productRef = 8C69CAC32ECB60D2009701FB /* KakaoSDKAuth */; };
		8C69CAC62ECB60D2009701FB /* KakaoSDKCert in Frameworks */ = {isa = PBXBuildFile; productRef = 8C69CAC52ECB60D2009701FB /* KakaoSDKCert */; };
		8C69CAC82ECB60D2009701FB /* KakaoSDKCertCore in Frameworks */ = {isa = PBXBuildFile; productRef = 8C69CAC72ECB60D2009701FB /* KakaoSDKCertCore */; };
		8C69CACA2ECB60D2009701FB /* KakaoSDKCommon in Frameworks */ = {isa = PBXBuildFile; productRef = 8C69CAC92ECB60D2009701FB /* KakaoSDKCommon */; };
		8CC7A4622EC2FC5C00C6B504 /* Auth in Frameworks */ = {isa = PBXBuildFile; productRef = 8CC7A4612EC2FC5C00C6B504 /* Auth */; };
		8CC7A4662EC2FC5C00C6B504 /* PostgREST in Frameworks */ = {isa = PBXBuildFile; productRef = 8CC7A4652EC2FC5C00C6B504 /* PostgREST */; };
		8CC7A46A2EC2FC5C00C6B504 /* Storage in Frameworks */ = {isa = PBXBuildFile; productRef = 8CC7A4692EC2FC5C00C6B504 /* Storage */; };
		8CC7A5E42EC3107200C6B504 /* Supabase in Frameworks */ = {isa = PBXBuildFile; productRef = 8CC7A5E32EC3107200C6B504 /* Supabase */; };
/* End PBXBuildFile section */

/* Begin PBXContainerItemProxy section */
		8CC7A7642EC3305900C6B504 /* PBXContainerItemProxy */ = {
			isa = PBXContainerItemProxy;
			containerPortal = 8CC7A1272EBB212600C6B504 /* Project object */;
			proxyType = 1;
			remoteGlobalIDString = 8CC7A12E2EBB212600C6B504;
			remoteInfo = HaruDam;
		};
/* End PBXContainerItemProxy section */

/* Begin PBXFileReference section */
		8CC7A12F2EBB212600C6B504 /* HaruDam.app */ = {isa = PBXFileReference; explicitFileType = wrapper.application; includeInIndex = 0; path = HaruDam.app; sourceTree = BUILT_PRODUCTS_DIR; };
		8CC7A7602EC3305900C6B504 /* HaruDamTests.xctest */ = {isa = PBXFileReference; explicitFileType = wrapper.cfbundle; includeInIndex = 0; path = HaruDamTests.xctest; sourceTree = BUILT_PRODUCTS_DIR; };
/* End PBXFileReference section */

/* Begin PBXFileSystemSynchronizedBuildFileExceptionSet section */
		8CC7A75B2EC313E600C6B504 /* Exceptions for "HaruDam" folder in "HaruDam" target */ = {
			isa = PBXFileSystemSynchronizedBuildFileExceptionSet;
			membershipExceptions = (
				Config/Config.Keys.xcconfig,
				Config/Debug.xcconfig,
				Config/Release.xcconfig,
				Info.plist,
			);
			target = 8CC7A12E2EBB212600C6B504 /* HaruDam */;
		};
/* End PBXFileSystemSynchronizedBuildFileExceptionSet section */

/* Begin PBXFileSystemSynchronizedRootGroup section */
		8CC7A1312EBB212600C6B504 /* HaruDam */ = {
			isa = PBXFileSystemSynchronizedRootGroup;
			exceptions = (
				8CC7A75B2EC313E600C6B504 /* Exceptions for "HaruDam" folder in "HaruDam" target */,
			);
			path = HaruDam;
			sourceTree = "<group>";
		};
		8CC7A7612EC3305900C6B504 /* HaruDamTests */ = {
			isa = PBXFileSystemSynchronizedRootGroup;
			path = HaruDamTests;
			sourceTree = "<group>";
		};
/* End PBXFileSystemSynchronizedRootGroup section */

/* Begin PBXFrameworksBuildPhase section */
		8CC7A12C2EBB212600C6B504 /* Frameworks */ = {
			isa = PBXFrameworksBuildPhase;
			buildActionMask = 2147483647;
			files = (
				8C69CAC82ECB60D2009701FB /* KakaoSDKCertCore in Frameworks */,
				8CC7A4662EC2FC5C00C6B504 /* PostgREST in Frameworks */,
				8C69CAC22ECB60D2009701FB /* KakaoSDK in Frameworks */,
				8CC7A5E42EC3107200C6B504 /* Supabase in Frameworks */,
				8C69CACA2ECB60D2009701FB /* KakaoSDKCommon in Frameworks */,
				8CC7A4622EC2FC5C00C6B504 /* Auth in Frameworks */,
				8CC7A46A2EC2FC5C00C6B504 /* Storage in Frameworks */,
				8C69CAC62ECB60D2009701FB /* KakaoSDKCert in Frameworks */,
				8C69CAC42ECB60D2009701FB /* KakaoSDKAuth in Frameworks */,
			);
			runOnlyForDeploymentPostprocessing = 0;
		};
		8CC7A75D2EC3305900C6B504 /* Frameworks */ = {
			isa = PBXFrameworksBuildPhase;
			buildActionMask = 2147483647;
			files = (
			);
			runOnlyForDeploymentPostprocessing = 0;
		};
/* End PBXFrameworksBuildPhase section */

/* Begin PBXGroup section */
		8CC7A1262EBB212600C6B504 = {
			isa = PBXGroup;
			children = (
				8CC7A1312EBB212600C6B504 /* HaruDam */,
				8CC7A7612EC3305900C6B504 /* HaruDamTests */,
				8CC7A5E22EC3107200C6B504 /* Frameworks */,
				8CC7A1302EBB212600C6B504 /* Products */,
			);
			sourceTree = "<group>";
		};
		8CC7A1302EBB212600C6B504 /* Products */ = {
			isa = PBXGroup;
			children = (
				8CC7A12F2EBB212600C6B504 /* HaruDam.app */,
				8CC7A7602EC3305900C6B504 /* HaruDamTests.xctest */,
			);
			name = Products;
			sourceTree = "<group>";
		};
		8CC7A5E22EC3107200C6B504 /* Frameworks */ = {
			isa = PBXGroup;
			children = (
			);
			name = Frameworks;
			sourceTree = "<group>";
		};
/* End PBXGroup section */

/* Begin PBXNativeTarget section */
		8CC7A12E2EBB212600C6B504 /* HaruDam */ = {
			isa = PBXNativeTarget;
			buildConfigurationList = 8CC7A13A2EBB212700C6B504 /* Build configuration list for PBXNativeTarget "HaruDam" */;
			buildPhases = (
				8CC7A12B2EBB212600C6B504 /* Sources */,
				8CC7A12C2EBB212600C6B504 /* Frameworks */,
				8CC7A12D2EBB212600C6B504 /* Resources */,
			);
			buildRules = (
			);
			dependencies = (
			);
			fileSystemSynchronizedGroups = (
				8CC7A1312EBB212600C6B504 /* HaruDam */,
			);
			name = HaruDam;
			packageProductDependencies = (
				8CC7A4612EC2FC5C00C6B504 /* Auth */,
				8CC7A4652EC2FC5C00C6B504 /* PostgREST */,
				8CC7A4692EC2FC5C00C6B504 /* Storage */,
				8CC7A5E32EC3107200C6B504 /* Supabase */,
				8C69CAC12ECB60D2009701FB /* KakaoSDK */,
				8C69CAC32ECB60D2009701FB /* KakaoSDKAuth */,
				8C69CAC52ECB60D2009701FB /* KakaoSDKCert */,
				8C69CAC72ECB60D2009701FB /* KakaoSDKCertCore */,
				8C69CAC92ECB60D2009701FB /* KakaoSDKCommon */,
			);
			productName = HaruDam;
			productReference = 8CC7A12F2EBB212600C6B504 /* HaruDam.app */;
			productType = "com.apple.product-type.application";
		};
		8CC7A75F2EC3305900C6B504 /* HaruDamTests */ = {
			isa = PBXNativeTarget;
			buildConfigurationList = 8CC7A7662EC3305900C6B504 /* Build configuration list for PBXNativeTarget "HaruDamTests" */;
			buildPhases = (
				8CC7A75C2EC3305900C6B504 /* Sources */,
				8CC7A75D2EC3305900C6B504 /* Frameworks */,
				8CC7A75E2EC3305900C6B504 /* Resources */,
			);
			buildRules = (
			);
			dependencies = (
				8CC7A7652EC3305900C6B504 /* PBXTargetDependency */,
			);
			fileSystemSynchronizedGroups = (
				8CC7A7612EC3305900C6B504 /* HaruDamTests */,
			);
			name = HaruDamTests;
			packageProductDependencies = (
			);
			productName = HaruDamTests;
			productReference = 8CC7A7602EC3305900C6B504 /* HaruDamTests.xctest */;
			productType = "com.apple.product-type.bundle.unit-test";
		};
/* End PBXNativeTarget section */

/* Begin PBXProject section */
		8CC7A1272EBB212600C6B504 /* Project object */ = {
			isa = PBXProject;
			attributes = {
				BuildIndependentTargetsInParallel = 1;
				LastSwiftUpdateCheck = 2600;
				LastUpgradeCheck = 2610;
				TargetAttributes = {
					8CC7A12E2EBB212600C6B504 = {
						CreatedOnToolsVersion = 26.0.1;
					};
					8CC7A75F2EC3305900C6B504 = {
						CreatedOnToolsVersion = 26.0.1;
						TestTargetID = 8CC7A12E2EBB212600C6B504;
					};
				};
			};
			buildConfigurationList = 8CC7A12A2EBB212600C6B504 /* Build configuration list for PBXProject "HaruDam" */;
			developmentRegion = ko;
			hasScannedForEncodings = 0;
			knownRegions = (
				en,
				Base,
				ko,
			);
			mainGroup = 8CC7A1262EBB212600C6B504;
			minimizedProjectReferenceProxies = 1;
			packageReferences = (
				8CC7A4602EC2FC5C00C6B504 /* XCRemoteSwiftPackageReference "supabase-swift" */,
				8C69CAC02ECB60D2009701FB /* XCRemoteSwiftPackageReference "kakao-ios-sdk" */,
			);
			preferredProjectObjectVersion = 77;
			productRefGroup = 8CC7A1302EBB212600C6B504 /* Products */;
			projectDirPath = "";
			projectRoot = "";
			targets = (
				8CC7A12E2EBB212600C6B504 /* HaruDam */,
				8CC7A75F2EC3305900C6B504 /* HaruDamTests */,
			);
		};
/* End PBXProject section */

/* Begin PBXResourcesBuildPhase section */
		8CC7A12D2EBB212600C6B504 /* Resources */ = {
			isa = PBXResourcesBuildPhase;
			buildActionMask = 2147483647;
			files = (
			);
			runOnlyForDeploymentPostprocessing = 0;
		};
		8CC7A75E2EC3305900C6B504 /* Resources */ = {
			isa = PBXResourcesBuildPhase;
			buildActionMask = 2147483647;
			files = (
			);
			runOnlyForDeploymentPostprocessing = 0;
		};
/* End PBXResourcesBuildPhase section */

/* Begin PBXSourcesBuildPhase section */
		8CC7A12B2EBB212600C6B504 /* Sources */ = {
			isa = PBXSourcesBuildPhase;
			buildActionMask = 2147483647;
			files = (
			);
			runOnlyForDeploymentPostprocessing = 0;
		};
		8CC7A75C2EC3305900C6B504 /* Sources */ = {
			isa = PBXSourcesBuildPhase;
			buildActionMask = 2147483647;
			files = (
			);
			runOnlyForDeploymentPostprocessing = 0;
		};
/* End PBXSourcesBuildPhase section */

/* Begin PBXTargetDependency section */
		8CC7A7652EC3305900C6B504 /* PBXTargetDependency */ = {
			isa = PBXTargetDependency;
			target = 8CC7A12E2EBB212600C6B504 /* HaruDam */;
			targetProxy = 8CC7A7642EC3305900C6B504 /* PBXContainerItemProxy */;
		};
/* End PBXTargetDependency section */

/* Begin XCBuildConfiguration section */
		8CC7A1382EBB212700C6B504 /* Debug */ = {
			isa = XCBuildConfiguration;
			buildSettings = {
				ALWAYS_SEARCH_USER_PATHS = NO;
				ASSETCATALOG_COMPILER_GENERATE_SWIFT_ASSET_SYMBOL_EXTENSIONS = YES;
				CLANG_ANALYZER_LOCALIZABILITY_NONLOCALIZED = YES;
				CLANG_ANALYZER_NONNULL = YES;
				CLANG_ANALYZER_NUMBER_OBJECT_CONVERSION = YES_AGGRESSIVE;
				CLANG_CXX_LANGUAGE_STANDARD = "gnu++20";
				CLANG_ENABLE_MODULES = YES;
				CLANG_ENABLE_OBJC_ARC = YES;
				CLANG_ENABLE_OBJC_WEAK = YES;
				CLANG_WARN_BLOCK_CAPTURE_AUTORELEASING = YES;
				CLANG_WARN_BOOL_CONVERSION = YES;
				CLANG_WARN_COMMA = YES;
				CLANG_WARN_CONSTANT_CONVERSION = YES;
				CLANG_WARN_DEPRECATED_OBJC_IMPLEMENTATIONS = YES;
				CLANG_WARN_DIRECT_OBJC_ISA_USAGE = YES_ERROR;
				CLANG_WARN_DOCUMENTATION_COMMENTS = YES;
				CLANG_WARN_EMPTY_BODY = YES;
				CLANG_WARN_ENUM_CONVERSION = YES;
				CLANG_WARN_INFINITE_RECURSION = YES;
				CLANG_WARN_INT_CONVERSION = YES;
				CLANG_WARN_NON_LITERAL_NULL_CONVERSION = YES;
				CLANG_WARN_OBJC_IMPLICIT_RETAIN_SELF = YES;
				CLANG_WARN_OBJC_LITERAL_CONVERSION = YES;
				CLANG_WARN_OBJC_ROOT_CLASS = YES_ERROR;
				CLANG_WARN_QUOTED_INCLUDE_IN_FRAMEWORK_HEADER = YES;
				CLANG_WARN_RANGE_LOOP_ANALYSIS = YES;
				CLANG_WARN_STRICT_PROTOTYPES = YES;
				CLANG_WARN_SUSPICIOUS_MOVE = YES;
				CLANG_WARN_UNGUARDED_AVAILABILITY = YES_AGGRESSIVE;
				CLANG_WARN_UNREACHABLE_CODE = YES;
				CLANG_WARN__DUPLICATE_METHOD_MATCH = YES;
				COPY_PHASE_STRIP = NO;
				DEBUG_INFORMATION_FORMAT = dwarf;
				DEVELOPMENT_TEAM = CW5VMZLJAM;
				ENABLE_STRICT_OBJC_MSGSEND = YES;
				ENABLE_TESTABILITY = YES;
				ENABLE_USER_SCRIPT_SANDBOXING = YES;
				GCC_C_LANGUAGE_STANDARD = gnu17;
				GCC_DYNAMIC_NO_PIC = NO;
				GCC_NO_COMMON_BLOCKS = YES;
				GCC_OPTIMIZATION_LEVEL = 0;
				GCC_PREPROCESSOR_DEFINITIONS = (
					"DEBUG=1",
					"$(inherited)",
				);
				GCC_WARN_64_TO_32_BIT_CONVERSION = YES;
				GCC_WARN_ABOUT_RETURN_TYPE = YES_ERROR;
				GCC_WARN_UNDECLARED_SELECTOR = YES;
				GCC_WARN_UNINITIALIZED_AUTOS = YES_AGGRESSIVE;
				GCC_WARN_UNUSED_FUNCTION = YES;
				GCC_WARN_UNUSED_VARIABLE = YES;
				IPHONEOS_DEPLOYMENT_TARGET = 26.0;
				LOCALIZATION_PREFERS_STRING_CATALOGS = YES;
				MTL_ENABLE_DEBUG_INFO = INCLUDE_SOURCE;
				MTL_FAST_MATH = YES;
				ONLY_ACTIVE_ARCH = YES;
				SDKROOT = iphoneos;
				SWIFT_ACTIVE_COMPILATION_CONDITIONS = "DEBUG $(inherited)";
				SWIFT_OPTIMIZATION_LEVEL = "-Onone";
			};
			name = Debug;
		};
		8CC7A1392EBB212700C6B504 /* Release */ = {
			isa = XCBuildConfiguration;
			buildSettings = {
				ALWAYS_SEARCH_USER_PATHS = NO;
				ASSETCATALOG_COMPILER_GENERATE_SWIFT_ASSET_SYMBOL_EXTENSIONS = YES;
				CLANG_ANALYZER_LOCALIZABILITY_NONLOCALIZED = YES;
				CLANG_ANALYZER_NONNULL = YES;
				CLANG_ANALYZER_NUMBER_OBJECT_CONVERSION = YES_AGGRESSIVE;
				CLANG_CXX_LANGUAGE_STANDARD = "gnu++20";
				CLANG_ENABLE_MODULES = YES;
				CLANG_ENABLE_OBJC_ARC = YES;
				CLANG_ENABLE_OBJC_WEAK = YES;
				CLANG_WARN_BLOCK_CAPTURE_AUTORELEASING = YES;
				CLANG_WARN_BOOL_CONVERSION = YES;
				CLANG_WARN_COMMA = YES;
				CLANG_WARN_CONSTANT_CONVERSION = YES;
				CLANG_WARN_DEPRECATED_OBJC_IMPLEMENTATIONS = YES;
				CLANG_WARN_DIRECT_OBJC_ISA_USAGE = YES_ERROR;
				CLANG_WARN_DOCUMENTATION_COMMENTS = YES;
				CLANG_WARN_EMPTY_BODY = YES;
				CLANG_WARN_ENUM_CONVERSION = YES;
				CLANG_WARN_INFINITE_RECURSION = YES;
				CLANG_WARN_INT_CONVERSION = YES;
				CLANG_WARN_NON_LITERAL_NULL_CONVERSION = YES;
				CLANG_WARN_OBJC_IMPLICIT_RETAIN_SELF = YES;
				CLANG_WARN_OBJC_LITERAL_CONVERSION = YES;
				CLANG_WARN_OBJC_ROOT_CLASS = YES_ERROR;
				CLANG_WARN_QUOTED_INCLUDE_IN_FRAMEWORK_HEADER = YES;
				CLANG_WARN_RANGE_LOOP_ANALYSIS = YES;
				CLANG_WARN_STRICT_PROTOTYPES = YES;
				CLANG_WARN_SUSPICIOUS_MOVE = YES;
				CLANG_WARN_UNGUARDED_AVAILABILITY = YES_AGGRESSIVE;
				CLANG_WARN_UNREACHABLE_CODE = YES;
				CLANG_WARN__DUPLICATE_METHOD_MATCH = YES;
				COPY_PHASE_STRIP = NO;
				DEBUG_INFORMATION_FORMAT = "dwarf-with-dsym";
				DEVELOPMENT_TEAM = CW5VMZLJAM;
				ENABLE_NS_ASSERTIONS = NO;
				ENABLE_STRICT_OBJC_MSGSEND = YES;
				ENABLE_USER_SCRIPT_SANDBOXING = YES;
				GCC_C_LANGUAGE_STANDARD = gnu17;
				GCC_NO_COMMON_BLOCKS = YES;
				GCC_WARN_64_TO_32_BIT_CONVERSION = YES;
				GCC_WARN_ABOUT_RETURN_TYPE = YES_ERROR;
				GCC_WARN_UNDECLARED_SELECTOR = YES;
				GCC_WARN_UNINITIALIZED_AUTOS = YES_AGGRESSIVE;
				GCC_WARN_UNUSED_FUNCTION = YES;
				GCC_WARN_UNUSED_VARIABLE = YES;
				IPHONEOS_DEPLOYMENT_TARGET = 26.0;
				LOCALIZATION_PREFERS_STRING_CATALOGS = YES;
				MTL_ENABLE_DEBUG_INFO = NO;
				MTL_FAST_MATH = YES;
				SDKROOT = iphoneos;
				SWIFT_COMPILATION_MODE = wholemodule;
				VALIDATE_PRODUCT = YES;
			};
			name = Release;
		};
		8CC7A13B2EBB212700C6B504 /* Debug */ = {
			isa = XCBuildConfiguration;
			baseConfigurationReferenceAnchor = 8CC7A1312EBB212600C6B504 /* HaruDam */;
			baseConfigurationReferenceRelativePath = Config/Debug.xcconfig;
			buildSettings = {
				ASSETCATALOG_COMPILER_APPICON_NAME = AppIcon;
				ASSETCATALOG_COMPILER_GLOBAL_ACCENT_COLOR_NAME = AccentColor;
				CODE_SIGN_STYLE = Automatic;
				CURRENT_PROJECT_VERSION = 1;
				DEVELOPMENT_TEAM = CW5VMZLJAM;
				ENABLE_PREVIEWS = YES;
				GENERATE_INFOPLIST_FILE = YES;
				INFOPLIST_FILE = HaruDam/Info.plist;
				INFOPLIST_KEY_LSApplicationCategoryType = "";
				INFOPLIST_KEY_UIApplicationSceneManifest_Generation = YES;
				INFOPLIST_KEY_UIApplicationSupportsIndirectInputEvents = YES;
				INFOPLIST_KEY_UILaunchScreen_Generation = YES;
				INFOPLIST_KEY_UISupportedInterfaceOrientations_iPad = "UIInterfaceOrientationPortrait UIInterfaceOrientationPortraitUpsideDown UIInterfaceOrientationLandscapeLeft UIInterfaceOrientationLandscapeRight";
				INFOPLIST_KEY_UISupportedInterfaceOrientations_iPhone = "UIInterfaceOrientationPortrait UIInterfaceOrientationLandscapeLeft UIInterfaceOrientationLandscapeRight";
				IPHONEOS_DEPLOYMENT_TARGET = 16.0;
				LD_RUNPATH_SEARCH_PATHS = (
					"$(inherited)",
					"@executable_path/Frameworks",
				);
				MARKETING_VERSION = 1.0;
				PRODUCT_BUNDLE_IDENTIFIER = kr.co.HaruDam;
				PRODUCT_NAME = "$(TARGET_NAME)";
				STRING_CATALOG_GENERATE_SYMBOLS = YES;
				SWIFT_APPROACHABLE_CONCURRENCY = YES;
				SWIFT_DEFAULT_ACTOR_ISOLATION = MainActor;
				SWIFT_EMIT_LOC_STRINGS = YES;
				SWIFT_UPCOMING_FEATURE_MEMBER_IMPORT_VISIBILITY = YES;
				SWIFT_VERSION = 5.0;
				TARGETED_DEVICE_FAMILY = "1,2";
			};
			name = Debug;
		};
		8CC7A13C2EBB212700C6B504 /* Release */ = {
			isa = XCBuildConfiguration;
			baseConfigurationReferenceAnchor = 8CC7A1312EBB212600C6B504 /* HaruDam */;
			baseConfigurationReferenceRelativePath = Config/Release.xcconfig;
			buildSettings = {
				ASSETCATALOG_COMPILER_APPICON_NAME = AppIcon;
				ASSETCATALOG_COMPILER_GLOBAL_ACCENT_COLOR_NAME = AccentColor;
				CODE_SIGN_STYLE = Automatic;
				CURRENT_PROJECT_VERSION = 1;
				DEVELOPMENT_TEAM = CW5VMZLJAM;
				ENABLE_PREVIEWS = YES;
				GENERATE_INFOPLIST_FILE = YES;
				INFOPLIST_FILE = HaruDam/Info.plist;
				INFOPLIST_KEY_LSApplicationCategoryType = "";
				INFOPLIST_KEY_UIApplicationSceneManifest_Generation = YES;
				INFOPLIST_KEY_UIApplicationSupportsIndirectInputEvents = YES;
				INFOPLIST_KEY_UILaunchScreen_Generation = YES;
				INFOPLIST_KEY_UISupportedInterfaceOrientations_iPad = "UIInterfaceOrientationPortrait UIInterfaceOrientationPortraitUpsideDown UIInterfaceOrientationLandscapeLeft UIInterfaceOrientationLandscapeRight";
				INFOPLIST_KEY_UISupportedInterfaceOrientations_iPhone = "UIInterfaceOrientationPortrait UIInterfaceOrientationLandscapeLeft UIInterfaceOrientationLandscapeRight";
				IPHONEOS_DEPLOYMENT_TARGET = 16.0;
				LD_RUNPATH_SEARCH_PATHS = (
					"$(inherited)",
					"@executable_path/Frameworks",
				);
				MARKETING_VERSION = 1.0;
				PRODUCT_BUNDLE_IDENTIFIER = kr.co.HaruDam;
				PRODUCT_NAME = "$(TARGET_NAME)";
				STRING_CATALOG_GENERATE_SYMBOLS = YES;
				SWIFT_APPROACHABLE_CONCURRENCY = YES;
				SWIFT_DEFAULT_ACTOR_ISOLATION = MainActor;
				SWIFT_EMIT_LOC_STRINGS = YES;
				SWIFT_UPCOMING_FEATURE_MEMBER_IMPORT_VISIBILITY = YES;
				SWIFT_VERSION = 5.0;
				TARGETED_DEVICE_FAMILY = "1,2";
			};
			name = Release;
		};
		8CC7A7672EC3305900C6B504 /* Debug */ = {
			isa = XCBuildConfiguration;
			buildSettings = {
				BUNDLE_LOADER = "$(TEST_HOST)";
				CODE_SIGN_STYLE = Automatic;
				CURRENT_PROJECT_VERSION = 1;
				DEVELOPMENT_TEAM = CW5VMZLJAM;
				GENERATE_INFOPLIST_FILE = YES;
				IPHONEOS_DEPLOYMENT_TARGET = 18.0;
				MARKETING_VERSION = 1.0;
				PRODUCT_BUNDLE_IDENTIFIER = kr.co.HaruDamTests;
				PRODUCT_NAME = "$(TARGET_NAME)";
				STRING_CATALOG_GENERATE_SYMBOLS = NO;
				SWIFT_APPROACHABLE_CONCURRENCY = YES;
				SWIFT_EMIT_LOC_STRINGS = NO;
				SWIFT_UPCOMING_FEATURE_MEMBER_IMPORT_VISIBILITY = YES;
				SWIFT_VERSION = 5.0;
				TARGETED_DEVICE_FAMILY = "1,2";
				TEST_HOST = "$(BUILT_PRODUCTS_DIR)/HaruDam.app/$(BUNDLE_EXECUTABLE_FOLDER_PATH)/HaruDam";
			};
			name = Debug;
		};
		8CC7A7682EC3305900C6B504 /* Release */ = {
			isa = XCBuildConfiguration;
			buildSettings = {
				BUNDLE_LOADER = "$(TEST_HOST)";
				CODE_SIGN_STYLE = Automatic;
				CURRENT_PROJECT_VERSION = 1;
				DEVELOPMENT_TEAM = CW5VMZLJAM;
				GENERATE_INFOPLIST_FILE = YES;
				IPHONEOS_DEPLOYMENT_TARGET = 18.0;
				MARKETING_VERSION = 1.0;
				PRODUCT_BUNDLE_IDENTIFIER = kr.co.HaruDamTests;
				PRODUCT_NAME = "$(TARGET_NAME)";
				STRING_CATALOG_GENERATE_SYMBOLS = NO;
				SWIFT_APPROACHABLE_CONCURRENCY = YES;
				SWIFT_EMIT_LOC_STRINGS = NO;
				SWIFT_UPCOMING_FEATURE_MEMBER_IMPORT_VISIBILITY = YES;
				SWIFT_VERSION = 5.0;
				TARGETED_DEVICE_FAMILY = "1,2";
				TEST_HOST = "$(BUILT_PRODUCTS_DIR)/HaruDam.app/$(BUNDLE_EXECUTABLE_FOLDER_PATH)/HaruDam";
			};
			name = Release;
		};
/* End XCBuildConfiguration section */

/* Begin XCConfigurationList section */
		8CC7A12A2EBB212600C6B504 /* Build configuration list for PBXProject "HaruDam" */ = {
			isa = XCConfigurationList;
			buildConfigurations = (
				8CC7A1382EBB212700C6B504 /* Debug */,
				8CC7A1392EBB212700C6B504 /* Release */,
			);
			defaultConfigurationIsVisible = 0;
			defaultConfigurationName = Release;
		};
		8CC7A13A2EBB212700C6B504 /* Build configuration list for PBXNativeTarget "HaruDam" */ = {
			isa = XCConfigurationList;
			buildConfigurations = (
				8CC7A13B2EBB212700C6B504 /* Debug */,
				8CC7A13C2EBB212700C6B504 /* Release */,
			);
			defaultConfigurationIsVisible = 0;
			defaultConfigurationName = Release;
		};
		8CC7A7662EC3305900C6B504 /* Build configuration list for PBXNativeTarget "HaruDamTests" */ = {
			isa = XCConfigurationList;
			buildConfigurations = (
				8CC7A7672EC3305900C6B504 /* Debug */,
				8CC7A7682EC3305900C6B504 /* Release */,
			);
			defaultConfigurationIsVisible = 0;
			defaultConfigurationName = Release;
		};
/* End XCConfigurationList section */

/* Begin XCRemoteSwiftPackageReference section */
		8C69CAC02ECB60D2009701FB /* XCRemoteSwiftPackageReference "kakao-ios-sdk" */ = {
			isa = XCRemoteSwiftPackageReference;
			repositoryURL = "https://github.com/kakao/kakao-ios-sdk";
			requirement = {
				kind = upToNextMajorVersion;
				minimumVersion = 2.26.0;
			};
		};
		8CC7A4602EC2FC5C00C6B504 /* XCRemoteSwiftPackageReference "supabase-swift" */ = {
			isa = XCRemoteSwiftPackageReference;
			repositoryURL = "https://github.com/supabase-community/supabase-swift.git";
			requirement = {
				kind = upToNextMajorVersion;
				minimumVersion = 2.5.1;
			};
		};
/* End XCRemoteSwiftPackageReference section */

/* Begin XCSwiftPackageProductDependency section */
		8C69CAC12ECB60D2009701FB /* KakaoSDK */ = {
			isa = XCSwiftPackageProductDependency;
			package = 8C69CAC02ECB60D2009701FB /* XCRemoteSwiftPackageReference "kakao-ios-sdk" */;
			productName = KakaoSDK;
		};
		8C69CAC32ECB60D2009701FB /* KakaoSDKAuth */ = {
			isa = XCSwiftPackageProductDependency;
			package = 8C69CAC02ECB60D2009701FB /* XCRemoteSwiftPackageReference "kakao-ios-sdk" */;
			productName = KakaoSDKAuth;
		};
		8C69CAC52ECB60D2009701FB /* KakaoSDKCert */ = {
			isa = XCSwiftPackageProductDependency;
			package = 8C69CAC02ECB60D2009701FB /* XCRemoteSwiftPackageReference "kakao-ios-sdk" */;
			productName = KakaoSDKCert;
		};
		8C69CAC72ECB60D2009701FB /* KakaoSDKCertCore */ = {
			isa = XCSwiftPackageProductDependency;
			package = 8C69CAC02ECB60D2009701FB /* XCRemoteSwiftPackageReference "kakao-ios-sdk" */;
			productName = KakaoSDKCertCore;
		};
		8C69CAC92ECB60D2009701FB /* KakaoSDKCommon */ = {
			isa = XCSwiftPackageProductDependency;
			package = 8C69CAC02ECB60D2009701FB /* XCRemoteSwiftPackageReference "kakao-ios-sdk" */;
			productName = KakaoSDKCommon;
		};
		8CC7A4612EC2FC5C00C6B504 /* Auth */ = {
			isa = XCSwiftPackageProductDependency;
			package = 8CC7A4602EC2FC5C00C6B504 /* XCRemoteSwiftPackageReference "supabase-swift" */;
			productName = Auth;
		};
		8CC7A4652EC2FC5C00C6B504 /* PostgREST */ = {
			isa = XCSwiftPackageProductDependency;
			package = 8CC7A4602EC2FC5C00C6B504 /* XCRemoteSwiftPackageReference "supabase-swift" */;
			productName = PostgREST;
		};
		8CC7A4692EC2FC5C00C6B504 /* Storage */ = {
			isa = XCSwiftPackageProductDependency;
			package = 8CC7A4602EC2FC5C00C6B504 /* XCRemoteSwiftPackageReference "supabase-swift" */;
			productName = Storage;
		};
		8CC7A5E32EC3107200C6B504 /* Supabase */ = {
			isa = XCSwiftPackageProductDependency;
			package = 8CC7A4602EC2FC5C00C6B504 /* XCRemoteSwiftPackageReference "supabase-swift" */;
			productName = Supabase;
		};
/* End XCSwiftPackageProductDependency section */
	};
	rootObject = 8CC7A1272EBB212600C6B504 /* Project object */;
}
